{
  "version": 4,
  "terraform_version": "0.12.20",
  "serial": 7,
  "lineage": "7d538945-d7b2-41a3-c91b-95d127625498",
  "outputs": {},
  "resources": [
    {
      "mode": "managed",
      "type": "google_compute_global_address",
      "name": "private_ip_address",
      "provider": "provider.google",
      "instances": [
        {
          "schema_version": 0,
          "attributes": {
            "address": "10.110.0.0",
            "address_type": "INTERNAL",
            "creation_timestamp": "2020-05-06T07:50:55.747-07:00",
            "description": "",
            "id": "projects/cloud-sql-275018/global/addresses/t-private-ip-address",
            "ip_version": "",
            "name": "t-private-ip-address",
            "network": "https://www.googleapis.com/compute/v1/projects/cloud-sql-275018/global/networks/default",
            "prefix_length": 16,
            "project": "cloud-sql-275018",
            "purpose": "VPC_PEERING",
            "self_link": "https://www.googleapis.com/compute/v1/projects/cloud-sql-275018/global/addresses/t-private-ip-address",
            "timeouts": null
          },
          "private": "eyJlMmJmYjczMC1lY2FhLTExZTYtOGY4OC0zNDM2M2JjN2M0YzAiOnsiY3JlYXRlIjoyNDAwMDAwMDAwMDAsImRlbGV0ZSI6MjQwMDAwMDAwMDAwfX0="
        }
      ]
    },
    {
      "mode": "managed",
      "type": "google_service_networking_connection",
      "name": "private_vpc_connection",
      "provider": "provider.google",
      "instances": [
        {
          "schema_version": 0,
          "attributes": {
            "id": "projects%2Fcloud-sql-275018%2Fglobal%2Fnetworks%2Fdefault:servicenetworking.googleapis.com",
            "network": "projects/cloud-sql-275018/global/networks/default",
            "peering": "servicenetworking-googleapis-com",
            "reserved_peering_ranges": [
              "t-private-ip-address"
            ],
            "service": "servicenetworking.googleapis.com"
          },
          "private": "bnVsbA==",
          "dependencies": [
            "google_compute_global_address.private_ip_address"
          ]
        }
      ]
    },
    {
      "mode": "managed",
      "type": "google_sql_database",
      "name": "cloudsql",
      "provider": "provider.google",
      "instances": [
        {
          "schema_version": 0,
          "attributes": {
            "charset": "UTF8",
            "collation": "en_US.UTF8",
            "id": "projects/cloud-sql-275018/instances/cloudsql/databases/cloudslq",
            "instance": "cloudsql",
            "name": "cloudslq",
            "project": "cloud-sql-275018",
            "self_link": "https://sqladmin.googleapis.com/sql/v1beta4/projects/cloud-sql-275018/instances/cloudsql/databases/cloudslq",
            "timeouts": null
          },
          "private": "eyJlMmJmYjczMC1lY2FhLTExZTYtOGY4OC0zNDM2M2JjN2M0YzAiOnsiY3JlYXRlIjo5MDAwMDAwMDAwMDAsImRlbGV0ZSI6NjAwMDAwMDAwMDAwLCJ1cGRhdGUiOjYwMDAwMDAwMDAwMH19",
          "dependencies": [
            "google_compute_global_address.private_ip_address",
            "google_service_networking_connection.private_vpc_connection",
            "google_sql_database_instance.cloudsql"
          ]
        }
      ]
    },
    {
      "mode": "managed",
      "type": "google_sql_database_instance",
      "name": "cloudsql",
      "provider": "provider.google",
      "instances": [
        {
          "schema_version": 0,
          "attributes": {
            "connection_name": "cloud-sql-275018:us-central1:cloudsql",
            "database_version": "POSTGRES_9_6",
            "first_ip_address": "10.110.0.3",
            "id": "cloudsql",
            "ip_address": [
              {
                "ip_address": "10.110.0.3",
                "time_to_retire": "",
                "type": "PRIVATE"
              }
            ],
            "master_instance_name": "",
            "name": "cloudsql",
            "private_ip_address": "10.110.0.3",
            "project": "cloud-sql-275018",
            "public_ip_address": "",
            "region": "us-central1",
            "replica_configuration": [],
            "self_link": "https://sqladmin.googleapis.com/sql/v1beta4/projects/cloud-sql-275018/instances/cloudsql",
            "server_ca_cert": [
              {
                "cert": "-----BEGIN CERTIFICATE-----\nMIIDfzCCAmegAwIBAgIBADANBgkqhkiG9w0BAQsFADB3MS0wKwYDVQQuEyQzNGUw\nZDcxNi1kNGNkLTQwOTktYjQ1MS1kODEyNzdkZjA2YWExIzAhBgNVBAMTGkdvb2ds\nZSBDbG91ZCBTUUwgU2VydmVyIENBMRQwEgYDVQQKEwtHb29nbGUsIEluYzELMAkG\nA1UEBhMCVVMwHhcNMjAwNTA2MTQ1MjM5WhcNMzAwNTA0MTQ1MzM5WjB3MS0wKwYD\nVQQuEyQzNGUwZDcxNi1kNGNkLTQwOTktYjQ1MS1kODEyNzdkZjA2YWExIzAhBgNV\nBAMTGkdvb2dsZSBDbG91ZCBTUUwgU2VydmVyIENBMRQwEgYDVQQKEwtHb29nbGUs\nIEluYzELMAkGA1UEBhMCVVMwggEiMA0GCSqGSIb3DQEBAQUAA4IBDwAwggEKAoIB\nAQCIBIiiVpDE9sAbKM0Ta4QsXGbHMVLZD1IR+1gLof/angj1nWTBGK5EihjHq7us\nniIy1SNLQlnnrpdg+sZXBiUHGfyZ06o5c6udzq/4igbjImea6ltTQs7aST5MZy2u\nykUzcJ1PqfsctByB5f3yxIKQMmAlSUccUEtnSYIUbvERcqJW2roJq1hdmLlP9zfR\nBKu4g3WNOpPx7s/ABit4zWvT52lD99lys1IlqmG2XkrH83Iwtjus3YkzUxjKMf4h\nRnt/6GUOzpvU0affPzRD20V1Xg3C/TeFTRDOcHhxGELzkrg9KPHyrBtF48PF8rWo\nL0ndOwDu30UICBrpWMMKMA2/AgMBAAGjFjAUMBIGA1UdEwEB/wQIMAYBAf8CAQAw\nDQYJKoZIhvcNAQELBQADggEBACyOPOqgry8lDEFF17n9JSk/FNbH7g25767vEWQg\nhUD+ntMB5LYRoEfXoDC4I6BTmcH1s2+Cs0vn2u0r4jsS1otQtFCL4avMt9FFB0zI\nT3jqgwiBve8IgfrKGAfKkmEEVqldRJCS5ygc2f+vT7PvFR38WAiQR551vtVJ2MFN\ncESQTtT9AHZV4KWtotdxb3+YDh0h1rVR4Qv0YN9fNJoHOyxuA7bLCUxbk+IQxAdl\neyIQkSDiEMYLadpMER3jDdisozYbMkp9SZzlgJzcjywyDOwWpKBvS4TiJ1Xmylyb\nCUHExN3ELoGsTP2Y1s+K0JpGeF8Pr4tle5lGr4+1Zcogv9k=\n-----END CERTIFICATE-----",
                "common_name": "C=US,O=Google\\, Inc,CN=Google Cloud SQL Server CA,dnQualifier=34e0d716-d4cd-4099-b451-d81277df06aa",
                "create_time": "2020-05-06T14:52:39.542Z",
                "expiration_time": "2030-05-04T14:53:39.542Z",
                "sha1_fingerprint": "8b584f871fb155bcb4f6ee62a11ee1564b6477a6"
              }
            ],
            "service_account_email_address": "p660669294609-pilzqa@gcp-sa-cloud-sql.iam.gserviceaccount.com",
            "settings": [
              {
                "activation_policy": "ALWAYS",
                "authorized_gae_applications": null,
                "availability_type": "",
                "backup_configuration": [
                  {
                    "binary_log_enabled": false,
                    "enabled": true,
                    "location": "",
                    "start_time": "06:00"
                  }
                ],
                "crash_safe_replication": false,
                "database_flags": [],
                "disk_autoresize": true,
                "disk_size": 10,
                "disk_type": "PD_SSD",
                "ip_configuration": [
                  {
                    "authorized_networks": [],
                    "ipv4_enabled": false,
                    "private_network": "projects/cloud-sql-275018/global/networks/default",
                    "require_ssl": false
                  }
                ],
                "location_preference": [
                  {
                    "follow_gae_application": "",
                    "zone": "us-central1-f"
                  }
                ],
                "maintenance_window": [
                  {
                    "day": 7,
                    "hour": 7,
                    "update_track": "stable"
                  }
                ],
                "pricing_plan": "PER_USE",
                "replication_type": "SYNCHRONOUS",
                "tier": "db-f1-micro",
                "user_labels": null,
                "version": 1
              }
            ],
            "timeouts": null
          },
          "private": "eyJlMmJmYjczMC1lY2FhLTExZTYtOGY4OC0zNDM2M2JjN2M0YzAiOnsiY3JlYXRlIjoxMjAwMDAwMDAwMDAwLCJkZWxldGUiOjEyMDAwMDAwMDAwMDAsInVwZGF0ZSI6MTIwMDAwMDAwMDAwMH19",
          "dependencies": [
            "google_compute_global_address.private_ip_address",
            "google_service_networking_connection.private_vpc_connection"
          ]
        }
      ]
    },
    {
      "mode": "managed",
      "type": "google_sql_user",
      "name": "cloudslq_user",
      "provider": "provider.google",
      "instances": [
        {
          "schema_version": 1,
          "attributes": {
            "host": "",
            "id": "cloudsql//cloudsql",
            "instance": "cloudsql",
            "name": "cloudsql",
            "password": "9e0bece56476fc32",
            "project": "cloud-sql-275018"
          },
          "private": "eyJzY2hlbWFfdmVyc2lvbiI6IjEifQ==",
          "dependencies": [
            "google_compute_global_address.private_ip_address",
            "google_service_networking_connection.private_vpc_connection",
            "google_sql_database_instance.cloudsql",
            "random_id.user_password"
          ]
        }
      ]
    },
    {
      "mode": "managed",
      "type": "random_id",
      "name": "db_name_suffix",
      "provider": "provider.random",
      "instances": [
        {
          "schema_version": 0,
          "attributes": {
            "b64": "HvUiWw",
            "b64_std": "HvUiWw==",
            "b64_url": "HvUiWw",
            "byte_length": 4,
            "dec": "519381595",
            "hex": "1ef5225b",
            "id": "HvUiWw",
            "keepers": null,
            "prefix": null
          },
          "private": "bnVsbA=="
        }
      ]
    },
    {
      "mode": "managed",
      "type": "random_id",
      "name": "user_password",
      "provider": "provider.random",
      "instances": [
        {
          "schema_version": 0,
          "attributes": {
            "b64": "ngvs5WR2_DI",
            "b64_std": "ngvs5WR2/DI=",
            "b64_url": "ngvs5WR2_DI",
            "byte_length": 8,
            "dec": "11388456552713616434",
            "hex": "9e0bece56476fc32",
            "id": "ngvs5WR2_DI",
            "keepers": null,
            "prefix": null
          },
          "private": "bnVsbA=="
        }
      ]
    }
  ]
}
